// !$*UTF8*$!
{
	archiveVersion = 1;
	classes = {
	};
	objectVersion = 77;
	objects = {

/* Begin PBXBuildFile section */
		0718D3538FD3351B7FCE573A /* TeamsWindowSignalProvider.swift in Sources */ = {isa = PBXBuildFile; fileRef = A85D9A0A09BB446D7A756C79 /* TeamsWindowSignalProvider.swift */; };
		0954B63ABE167108494A615B /* MenuBarController.swift in Sources */ = {isa = PBXBuildFile; fileRef = 21E0F1E1512929AD5C6BCFB5 /* MenuBarController.swift */; };
		0E0BC369150DF854F3AC12EF /* AppSupportDirectoryResolver.swift in Sources */ = {isa = PBXBuildFile; fileRef = 9FE270A018DD92542567B4E9 /* AppSupportDirectoryResolver.swift */; };
		12C5987EF5AE8713A427F600 /* SummaryStore.swift in Sources */ = {isa = PBXBuildFile; fileRef = 0F9FBC2ECB4825CB47997AD4 /* SummaryStore.swift */; };
		1E6B86AA48FA6BCB22B04908 /* AppState.swift in Sources */ = {isa = PBXBuildFile; fileRef = F3187CA4344D0C2789FDBB2A /* AppState.swift */; };
		1F59CC4EAFE2B87D84276A40 /* SlackHuddleWindowClassifier.swift in Sources */ = {isa = PBXBuildFile; fileRef = 2EE91CF04039D43C9D1D2FCF /* SlackHuddleWindowClassifier.swift */; };
		20BACEE68AA64E6EB59F6FE9 /* TeamsAccessibilityTextCollector.swift in Sources */ = {isa = PBXBuildFile; fileRef = 009E776C0DCAAF21A3CBB6EE /* TeamsAccessibilityTextCollector.swift */; };
		233318A46E99CCF086632FE9 /* AudioSignalProviderFactory.swift in Sources */ = {isa = PBXBuildFile; fileRef = 635EBD87448D7E49DC719226 /* AudioSignalProviderFactory.swift */; };
		2EFD4C81A411E5FC9EBB6EED /* SessionAudioArtifactStore.swift in Sources */ = {isa = PBXBuildFile; fileRef = 6692CB8CDF6688F876E8D293 /* SessionAudioArtifactStore.swift */; };
		2FC63D5B945056AEA4C1001A /* FallbackAudioSignalProvider.swift in Sources */ = {isa = PBXBuildFile; fileRef = 5D340D91B8E6091D33AC3EFB /* FallbackAudioSignalProvider.swift */; };
		354EEA0847A3959C59D0D5EB /* TranscriptionFailureMessageFormatter.swift in Sources */ = {isa = PBXBuildFile; fileRef = B39862EA7A005B55681BF60C /* TranscriptionFailureMessageFormatter.swift */; };
		3A2762B2A0EF3A908CEAC9AD /* AudioChunker.swift in Sources */ = {isa = PBXBuildFile; fileRef = D785DCBD03B4AFB7CCF41B01 /* AudioChunker.swift */; };
		40EDC1295F63C6BD1A99D580 /* DefaultWhisperInferencer.swift in Sources */ = {isa = PBXBuildFile; fileRef = 1DCADF51CAD7B23159EA763A /* DefaultWhisperInferencer.swift */; };
		4C1768A653335603B816C2B7 /* NIOCore in Frameworks */ = {isa = PBXBuildFile; productRef = FD4F49DFECF65EA01BB03F63 /* NIOCore */; };
		4CC38E9EDE2174C3505915E7 /* Orchestrator.swift in Sources */ = {isa = PBXBuildFile; fileRef = 728CBA3A55318797F526CADD /* Orchestrator.swift */; };
		5024222E23FF0516CC0207C1 /* SessionRepository.swift in Sources */ = {isa = PBXBuildFile; fileRef = 88033F4EE313D5855BB38E9B /* SessionRepository.swift */; };
		6E4376385544B03ED6397DB0 /* MeetingDetector.swift in Sources */ = {isa = PBXBuildFile; fileRef = 02E31ABD63F8FD47C26B1705 /* MeetingDetector.swift */; };
		781429B4E55BE4A61DFCBA7C /* Main.swift in Sources */ = {isa = PBXBuildFile; fileRef = 04058DB234ED210257C5ACAB /* Main.swift */; };
		808EE89F3F69367653312E95 /* NIOPosix in Frameworks */ = {isa = PBXBuildFile; productRef = 9CD400A044B8D634CA400615 /* NIOPosix */; };
		80D5CCD1EEA255161EA6DF76 /* LaunchAtLoginManager.swift in Sources */ = {isa = PBXBuildFile; fileRef = C9286895439BECFE9DA08D98 /* LaunchAtLoginManager.swift */; };
		849F5F56F1F6B36993F0C071 /* AudioMixer.swift in Sources */ = {isa = PBXBuildFile; fileRef = E1C90C3985FFD0CBD2597EE5 /* AudioMixer.swift */; };
		8931CD46AEFA85258DFB7657 /* PermissionCoordinator.swift in Sources */ = {isa = PBXBuildFile; fileRef = 149B830B5142099F8F16D1CE /* PermissionCoordinator.swift */; };
		8C62888ECD5F985071FCE243 /* WhisperKit in Frameworks */ = {isa = PBXBuildFile; productRef = 9921F6FE321B5F0A2C5DF33B /* WhisperKit */; };
		8E01932D775BEFAA929FF882 /* DashboardViewModel.swift in Sources */ = {isa = PBXBuildFile; fileRef = ABB8060637C69A37D104CA69 /* DashboardViewModel.swift */; };
		8E52BCAB8D0F2F77B26D1A33 /* MCP in Frameworks */ = {isa = PBXBuildFile; productRef = 12A84D93056927DD45044D7C /* MCP */; };
		92F3D5B1E81962E28F5250E3 /* Database.swift in Sources */ = {isa = PBXBuildFile; fileRef = 0C7D6AF0013B48AB28D8161B /* Database.swift */; };
		93AC5D21521FB3805C869F9A /* TranscriptionWorker.swift in Sources */ = {isa = PBXBuildFile; fileRef = 860278D30896B2227C270FBE /* TranscriptionWorker.swift */; };
		998F1DCB9466C040DF0205A7 /* TeamsAudioSignalProvider.swift in Sources */ = {isa = PBXBuildFile; fileRef = 580E30C8423D9BAC416E8C7A /* TeamsAudioSignalProvider.swift */; };
		9C6DF54D2B2FA78ED9055500 /* MCPServerController.swift in Sources */ = {isa = PBXBuildFile; fileRef = A4A6B484AF81AD709699B29F /* MCPServerController.swift */; };
		A63BF37ED1429286B6FFF43B /* TeamsMeetingControlEvaluator.swift in Sources */ = {isa = PBXBuildFile; fileRef = 8E9039CD77612DEE9D4FF5E6 /* TeamsMeetingControlEvaluator.swift */; };
		A6EAC4617CC4DC986EBBDF91 /* NIOHTTP1 in Frameworks */ = {isa = PBXBuildFile; productRef = 8F9696D4BF89783D3254847D /* NIOHTTP1 */; };
		A8B33A843C0A72AA7FC59C71 /* WhisperModelManager.swift in Sources */ = {isa = PBXBuildFile; fileRef = C98E80DB113D0DD0BBFE116A /* WhisperModelManager.swift */; };
		AD139C6284592E7A613AB886 /* WhisperModelManaging.swift in Sources */ = {isa = PBXBuildFile; fileRef = 7A31F2F6597B9A816A563AC1 /* WhisperModelManaging.swift */; };
		B5CFF591046FABDBACB90ADB /* TranscriptionQueue.swift in Sources */ = {isa = PBXBuildFile; fileRef = 65434C686D3391ECC1C860B7 /* TranscriptionQueue.swift */; };
		CEC6D9915F1604049E7E32E8 /* TeamsWindowOCRTextCollector.swift in Sources */ = {isa = PBXBuildFile; fileRef = 19B1D44EB6D340879B0B2BB2 /* TeamsWindowOCRTextCollector.swift */; };
		D621AEA98CBC019063184490 /* TeamsMeetingWindowClassifier.swift in Sources */ = {isa = PBXBuildFile; fileRef = 74F9969BB62AD45E6039F224 /* TeamsMeetingWindowClassifier.swift */; };
		D783C3AA1D46BA6ABDBEE95F /* Logging in Frameworks */ = {isa = PBXBuildFile; productRef = 2FCBA5C3BB41CBA25CB49719 /* Logging */; };
		DE5CC3FFCFBE0137F8C41A63 /* CompositeWindowSignalProvider.swift in Sources */ = {isa = PBXBuildFile; fileRef = AD7ED8FF494C90EE094DCC00 /* CompositeWindowSignalProvider.swift */; };
		F024C025090C661851254440 /* WhisperKitTranscriber.swift in Sources */ = {isa = PBXBuildFile; fileRef = 62BD51C27DFD71159FDB7479 /* WhisperKitTranscriber.swift */; };
		F5EBB01B5EFBB6EAF9F414CF /* MCPToolHandler.swift in Sources */ = {isa = PBXBuildFile; fileRef = 60C0FAD38F948EA468372DF5 /* MCPToolHandler.swift */; };
		F7D0B0CB608C8B43D83265C4 /* DefaultWhisperModelDownloader.swift in Sources */ = {isa = PBXBuildFile; fileRef = 67773F507000A9EC666439C3 /* DefaultWhisperModelDownloader.swift */; };
		F87F2D45085DE51C0CDA3997 /* Assets.xcassets in Resources */ = {isa = PBXBuildFile; fileRef = DBBCF66849CD7664A63F19EB /* Assets.xcassets */; };
		F8EA7351FB219465860E7782 /* ZIPFoundation in Frameworks */ = {isa = PBXBuildFile; productRef = 6CCEBA2327530615D69ADD92 /* ZIPFoundation */; };
		FD143A6B8DBDB62D27EDF5A7 /* CaptureEngine.swift in Sources */ = {isa = PBXBuildFile; fileRef = E5BC70BB091E153D078C63AD /* CaptureEngine.swift */; };
/* End PBXBuildFile section */

/* Begin PBXFileReference section */
		009E776C0DCAAF21A3CBB6EE /* TeamsAccessibilityTextCollector.swift */ = {isa = PBXFileReference; lastKnownFileType = sourcecode.swift; path = TeamsAccessibilityTextCollector.swift; sourceTree = "<group>"; };
		02E31ABD63F8FD47C26B1705 /* MeetingDetector.swift */ = {isa = PBXFileReference; lastKnownFileType = sourcecode.swift; path = MeetingDetector.swift; sourceTree = "<group>"; };
		04058DB234ED210257C5ACAB /* Main.swift */ = {isa = PBXFileReference; lastKnownFileType = sourcecode.swift; path = Main.swift; sourceTree = "<group>"; };
		0C7D6AF0013B48AB28D8161B /* Database.swift */ = {isa = PBXFileReference; lastKnownFileType = sourcecode.swift; path = Database.swift; sourceTree = "<group>"; };
		0F9FBC2ECB4825CB47997AD4 /* SummaryStore.swift */ = {isa = PBXFileReference; lastKnownFileType = sourcecode.swift; path = SummaryStore.swift; sourceTree = "<group>"; };
		149B830B5142099F8F16D1CE /* PermissionCoordinator.swift */ = {isa = PBXFileReference; lastKnownFileType = sourcecode.swift; path = PermissionCoordinator.swift; sourceTree = "<group>"; };
		19B1D44EB6D340879B0B2BB2 /* TeamsWindowOCRTextCollector.swift */ = {isa = PBXFileReference; lastKnownFileType = sourcecode.swift; path = TeamsWindowOCRTextCollector.swift; sourceTree = "<group>"; };
		1DCADF51CAD7B23159EA763A /* DefaultWhisperInferencer.swift */ = {isa = PBXFileReference; lastKnownFileType = sourcecode.swift; path = DefaultWhisperInferencer.swift; sourceTree = "<group>"; };
		21E0F1E1512929AD5C6BCFB5 /* MenuBarController.swift */ = {isa = PBXFileReference; lastKnownFileType = sourcecode.swift; path = MenuBarController.swift; sourceTree = "<group>"; };
		2EE91CF04039D43C9D1D2FCF /* SlackHuddleWindowClassifier.swift */ = {isa = PBXFileReference; lastKnownFileType = sourcecode.swift; path = SlackHuddleWindowClassifier.swift; sourceTree = "<group>"; };
		580E30C8423D9BAC416E8C7A /* TeamsAudioSignalProvider.swift */ = {isa = PBXFileReference; lastKnownFileType = sourcecode.swift; path = TeamsAudioSignalProvider.swift; sourceTree = "<group>"; };
		5D340D91B8E6091D33AC3EFB /* FallbackAudioSignalProvider.swift */ = {isa = PBXFileReference; lastKnownFileType = sourcecode.swift; path = FallbackAudioSignalProvider.swift; sourceTree = "<group>"; };
		60C0FAD38F948EA468372DF5 /* MCPToolHandler.swift */ = {isa = PBXFileReference; lastKnownFileType = sourcecode.swift; path = MCPToolHandler.swift; sourceTree = "<group>"; };
		62BD51C27DFD71159FDB7479 /* WhisperKitTranscriber.swift */ = {isa = PBXFileReference; lastKnownFileType = sourcecode.swift; path = WhisperKitTranscriber.swift; sourceTree = "<group>"; };
		635EBD87448D7E49DC719226 /* AudioSignalProviderFactory.swift */ = {isa = PBXFileReference; lastKnownFileType = sourcecode.swift; path = AudioSignalProviderFactory.swift; sourceTree = "<group>"; };
		65434C686D3391ECC1C860B7 /* TranscriptionQueue.swift */ = {isa = PBXFileReference; lastKnownFileType = sourcecode.swift; path = TranscriptionQueue.swift; sourceTree = "<group>"; };
		6692CB8CDF6688F876E8D293 /* SessionAudioArtifactStore.swift */ = {isa = PBXFileReference; lastKnownFileType = sourcecode.swift; path = SessionAudioArtifactStore.swift; sourceTree = "<group>"; };
		67773F507000A9EC666439C3 /* DefaultWhisperModelDownloader.swift */ = {isa = PBXFileReference; lastKnownFileType = sourcecode.swift; path = DefaultWhisperModelDownloader.swift; sourceTree = "<group>"; };
		728CBA3A55318797F526CADD /* Orchestrator.swift */ = {isa = PBXFileReference; lastKnownFileType = sourcecode.swift; path = Orchestrator.swift; sourceTree = "<group>"; };
		74F9969BB62AD45E6039F224 /* TeamsMeetingWindowClassifier.swift */ = {isa = PBXFileReference; lastKnownFileType = sourcecode.swift; path = TeamsMeetingWindowClassifier.swift; sourceTree = "<group>"; };
		76E29FAACB1C955903DBB56D /* TeamsAutoRecorder.app */ = {isa = PBXFileReference; explicitFileType = wrapper.application; includeInIndex = 0; path = TeamsAutoRecorder.app; sourceTree = BUILT_PRODUCTS_DIR; };
		7A31F2F6597B9A816A563AC1 /* WhisperModelManaging.swift */ = {isa = PBXFileReference; lastKnownFileType = sourcecode.swift; path = WhisperModelManaging.swift; sourceTree = "<group>"; };
		860278D30896B2227C270FBE /* TranscriptionWorker.swift */ = {isa = PBXFileReference; lastKnownFileType = sourcecode.swift; path = TranscriptionWorker.swift; sourceTree = "<group>"; };
		88033F4EE313D5855BB38E9B /* SessionRepository.swift */ = {isa = PBXFileReference; lastKnownFileType = sourcecode.swift; path = SessionRepository.swift; sourceTree = "<group>"; };
		8E9039CD77612DEE9D4FF5E6 /* TeamsMeetingControlEvaluator.swift */ = {isa = PBXFileReference; lastKnownFileType = sourcecode.swift; path = TeamsMeetingControlEvaluator.swift; sourceTree = "<group>"; };
		9FE270A018DD92542567B4E9 /* AppSupportDirectoryResolver.swift */ = {isa = PBXFileReference; lastKnownFileType = sourcecode.swift; path = AppSupportDirectoryResolver.swift; sourceTree = "<group>"; };
		A4A6B484AF81AD709699B29F /* MCPServerController.swift */ = {isa = PBXFileReference; lastKnownFileType = sourcecode.swift; path = MCPServerController.swift; sourceTree = "<group>"; };
		A85D9A0A09BB446D7A756C79 /* TeamsWindowSignalProvider.swift */ = {isa = PBXFileReference; lastKnownFileType = sourcecode.swift; path = TeamsWindowSignalProvider.swift; sourceTree = "<group>"; };
		ABB8060637C69A37D104CA69 /* DashboardViewModel.swift */ = {isa = PBXFileReference; lastKnownFileType = sourcecode.swift; path = DashboardViewModel.swift; sourceTree = "<group>"; };
		AD7ED8FF494C90EE094DCC00 /* CompositeWindowSignalProvider.swift */ = {isa = PBXFileReference; lastKnownFileType = sourcecode.swift; path = CompositeWindowSignalProvider.swift; sourceTree = "<group>"; };
		B39862EA7A005B55681BF60C /* TranscriptionFailureMessageFormatter.swift */ = {isa = PBXFileReference; lastKnownFileType = sourcecode.swift; path = TranscriptionFailureMessageFormatter.swift; sourceTree = "<group>"; };
		C9286895439BECFE9DA08D98 /* LaunchAtLoginManager.swift */ = {isa = PBXFileReference; lastKnownFileType = sourcecode.swift; path = LaunchAtLoginManager.swift; sourceTree = "<group>"; };
		C98E80DB113D0DD0BBFE116A /* WhisperModelManager.swift */ = {isa = PBXFileReference; lastKnownFileType = sourcecode.swift; path = WhisperModelManager.swift; sourceTree = "<group>"; };
		D785DCBD03B4AFB7CCF41B01 /* AudioChunker.swift */ = {isa = PBXFileReference; lastKnownFileType = sourcecode.swift; path = AudioChunker.swift; sourceTree = "<group>"; };
		DBBCF66849CD7664A63F19EB /* Assets.xcassets */ = {isa = PBXFileReference; lastKnownFileType = folder.assetcatalog; path = Assets.xcassets; sourceTree = "<group>"; };
		E1C90C3985FFD0CBD2597EE5 /* AudioMixer.swift */ = {isa = PBXFileReference; lastKnownFileType = sourcecode.swift; path = AudioMixer.swift; sourceTree = "<group>"; };
		E5BC70BB091E153D078C63AD /* CaptureEngine.swift */ = {isa = PBXFileReference; lastKnownFileType = sourcecode.swift; path = CaptureEngine.swift; sourceTree = "<group>"; };
		F3187CA4344D0C2789FDBB2A /* AppState.swift */ = {isa = PBXFileReference; lastKnownFileType = sourcecode.swift; path = AppState.swift; sourceTree = "<group>"; };
/* End PBXFileReference section */

/* Begin PBXFrameworksBuildPhase section */
		109011A1AC43FA59D384DF1A /* Frameworks */ = {
			isa = PBXFrameworksBuildPhase;
			buildActionMask = 2147483647;
			files = (
				8C62888ECD5F985071FCE243 /* WhisperKit in Frameworks */,
				F8EA7351FB219465860E7782 /* ZIPFoundation in Frameworks */,
				8E52BCAB8D0F2F77B26D1A33 /* MCP in Frameworks */,
				4C1768A653335603B816C2B7 /* NIOCore in Frameworks */,
				808EE89F3F69367653312E95 /* NIOPosix in Frameworks */,
				A6EAC4617CC4DC986EBBDF91 /* NIOHTTP1 in Frameworks */,
				D783C3AA1D46BA6ABDBEE95F /* Logging in Frameworks */,
			);
			runOnlyForDeploymentPostprocessing = 0;
		};
/* End PBXFrameworksBuildPhase section */

/* Begin PBXGroup section */
		0459042AB7581078099AA6B5 /* Permissions */ = {
			isa = PBXGroup;
			children = (
				149B830B5142099F8F16D1CE /* PermissionCoordinator.swift */,
			);
			path = Permissions;
			sourceTree = "<group>";
		};
		0D9ADFABB32A5F7F839F8489 /* Products */ = {
			isa = PBXGroup;
			children = (
				76E29FAACB1C955903DBB56D /* TeamsAutoRecorder.app */,
			);
			name = Products;
			sourceTree = "<group>";
		};
		1EB2F1E8BA695E4E5B8D672B /* Audio */ = {
			isa = PBXGroup;
			children = (
				D785DCBD03B4AFB7CCF41B01 /* AudioChunker.swift */,
			);
			path = Audio;
			sourceTree = "<group>";
		};
		1F823CCDDF360DCEE5037C0D = {
			isa = PBXGroup;
			children = (
				E98789EBDD701082400ABCFD /* TeamsAutoRecorder */,
				0D9ADFABB32A5F7F839F8489 /* Products */,
			);
			sourceTree = "<group>";
		};
		279CC797231666D0B5D3FCAB /* UI */ = {
			isa = PBXGroup;
			children = (
				21E0F1E1512929AD5C6BCFB5 /* MenuBarController.swift */,
			);
			path = UI;
			sourceTree = "<group>";
		};
		546317F2239C13D7537E1256 /* Detector */ = {
			isa = PBXGroup;
			children = (
				635EBD87448D7E49DC719226 /* AudioSignalProviderFactory.swift */,
				AD7ED8FF494C90EE094DCC00 /* CompositeWindowSignalProvider.swift */,
				5D340D91B8E6091D33AC3EFB /* FallbackAudioSignalProvider.swift */,
				02E31ABD63F8FD47C26B1705 /* MeetingDetector.swift */,
				2EE91CF04039D43C9D1D2FCF /* SlackHuddleWindowClassifier.swift */,
				009E776C0DCAAF21A3CBB6EE /* TeamsAccessibilityTextCollector.swift */,
				580E30C8423D9BAC416E8C7A /* TeamsAudioSignalProvider.swift */,
				8E9039CD77612DEE9D4FF5E6 /* TeamsMeetingControlEvaluator.swift */,
				74F9969BB62AD45E6039F224 /* TeamsMeetingWindowClassifier.swift */,
				19B1D44EB6D340879B0B2BB2 /* TeamsWindowOCRTextCollector.swift */,
				A85D9A0A09BB446D7A756C79 /* TeamsWindowSignalProvider.swift */,
			);
			path = Detector;
			sourceTree = "<group>";
		};
		5FB315A134CF8F2FCE2E02F2 /* App */ = {
			isa = PBXGroup;
			children = (
				F3187CA4344D0C2789FDBB2A /* AppState.swift */,
				9FE270A018DD92542567B4E9 /* AppSupportDirectoryResolver.swift */,
				ABB8060637C69A37D104CA69 /* DashboardViewModel.swift */,
				C9286895439BECFE9DA08D98 /* LaunchAtLoginManager.swift */,
				04058DB234ED210257C5ACAB /* Main.swift */,
				728CBA3A55318797F526CADD /* Orchestrator.swift */,
				B39862EA7A005B55681BF60C /* TranscriptionFailureMessageFormatter.swift */,
			);
			path = App;
			sourceTree = "<group>";
		};
		796F01D6FBDBCD4E1F7E1F94 /* Model */ = {
			isa = PBXGroup;
			children = (
				1DCADF51CAD7B23159EA763A /* DefaultWhisperInferencer.swift */,
				67773F507000A9EC666439C3 /* DefaultWhisperModelDownloader.swift */,
				C98E80DB113D0DD0BBFE116A /* WhisperModelManager.swift */,
				7A31F2F6597B9A816A563AC1 /* WhisperModelManaging.swift */,
			);
			path = Model;
			sourceTree = "<group>";
		};
		AB3A2BD2CEC0532D8B2D2586 /* Transcription */ = {
			isa = PBXGroup;
			children = (
				65434C686D3391ECC1C860B7 /* TranscriptionQueue.swift */,
				860278D30896B2227C270FBE /* TranscriptionWorker.swift */,
				62BD51C27DFD71159FDB7479 /* WhisperKitTranscriber.swift */,
				1EB2F1E8BA695E4E5B8D672B /* Audio */,
				796F01D6FBDBCD4E1F7E1F94 /* Model */,
			);
			path = Transcription;
			sourceTree = "<group>";
		};
		B482EB47FACD6C69C3D2F20F /* Capture */ = {
			isa = PBXGroup;
			children = (
				E1C90C3985FFD0CBD2597EE5 /* AudioMixer.swift */,
				E5BC70BB091E153D078C63AD /* CaptureEngine.swift */,
			);
			path = Capture;
			sourceTree = "<group>";
		};
		CE0C56509E07C26C7AF59650 /* MCPServer */ = {
			isa = PBXGroup;
			children = (
				A4A6B484AF81AD709699B29F /* MCPServerController.swift */,
				60C0FAD38F948EA468372DF5 /* MCPToolHandler.swift */,
				0F9FBC2ECB4825CB47997AD4 /* SummaryStore.swift */,
			);
			path = MCPServer;
			sourceTree = "<group>";
		};
		D999E5AF57DA022FF0AEEAC6 /* Storage */ = {
			isa = PBXGroup;
			children = (
				0C7D6AF0013B48AB28D8161B /* Database.swift */,
				6692CB8CDF6688F876E8D293 /* SessionAudioArtifactStore.swift */,
				88033F4EE313D5855BB38E9B /* SessionRepository.swift */,
			);
			path = Storage;
			sourceTree = "<group>";
		};
		E98789EBDD701082400ABCFD /* TeamsAutoRecorder */ = {
			isa = PBXGroup;
			children = (
				DBBCF66849CD7664A63F19EB /* Assets.xcassets */,
				5FB315A134CF8F2FCE2E02F2 /* App */,
				B482EB47FACD6C69C3D2F20F /* Capture */,
				546317F2239C13D7537E1256 /* Detector */,
				CE0C56509E07C26C7AF59650 /* MCPServer */,
				0459042AB7581078099AA6B5 /* Permissions */,
				D999E5AF57DA022FF0AEEAC6 /* Storage */,
				AB3A2BD2CEC0532D8B2D2586 /* Transcription */,
				279CC797231666D0B5D3FCAB /* UI */,
			);
			name = TeamsAutoRecorder;
			path = Sources/TeamsAutoRecorder;
			sourceTree = "<group>";
		};
/* End PBXGroup section */

/* Begin PBXNativeTarget section */
		A361CF076420615A659FDDA4 /* TeamsAutoRecorder */ = {
			isa = PBXNativeTarget;
			buildConfigurationList = 73B3FFBBB1A8DF9D00B36E59 /* Build configuration list for PBXNativeTarget "TeamsAutoRecorder" */;
			buildPhases = (
				AB2E7E37513F477D03083BEC /* Sources */,
				4D7A03B76D9838F23ECD8B4C /* Resources */,
				109011A1AC43FA59D384DF1A /* Frameworks */,
			);
			buildRules = (
			);
			dependencies = (
			);
			name = TeamsAutoRecorder;
			packageProductDependencies = (
				9921F6FE321B5F0A2C5DF33B /* WhisperKit */,
				6CCEBA2327530615D69ADD92 /* ZIPFoundation */,
				12A84D93056927DD45044D7C /* MCP */,
				FD4F49DFECF65EA01BB03F63 /* NIOCore */,
				9CD400A044B8D634CA400615 /* NIOPosix */,
				8F9696D4BF89783D3254847D /* NIOHTTP1 */,
				2FCBA5C3BB41CBA25CB49719 /* Logging */,
			);
			productName = TeamsAutoRecorder;
			productReference = 76E29FAACB1C955903DBB56D /* TeamsAutoRecorder.app */;
			productType = "com.apple.product-type.application";
		};
/* End PBXNativeTarget section */

/* Begin PBXProject section */
		B23B715E808DC753DEDBD6AA /* Project object */ = {
			isa = PBXProject;
			attributes = {
				BuildIndependentTargetsInParallel = YES;
				LastUpgradeCheck = 1430;
				TargetAttributes = {
				};
			};
			buildConfigurationList = B2288082E389567FDF8E8255 /* Build configuration list for PBXProject "TeamsAutoRecorder" */;
			developmentRegion = en;
			hasScannedForEncodings = 0;
			knownRegions = (
				Base,
				en,
			);
			mainGroup = 1F823CCDDF360DCEE5037C0D;
			minimizedProjectReferenceProxies = 1;
			packageReferences = (
				F8EF3182EC3278BD7328A530 /* XCRemoteSwiftPackageReference "WhisperKit" */,
				28712E9B539358EA2862EF70 /* XCRemoteSwiftPackageReference "ZIPFoundation" */,
				CFBDF1D8371D246168BD9BB5 /* XCRemoteSwiftPackageReference "swift-log" */,
				B5A378BF80336677651F9FB2 /* XCRemoteSwiftPackageReference "swift-nio" */,
				D2B405ED3859BFFD1CF5DC54 /* XCRemoteSwiftPackageReference "swift-sdk" */,
			);
			preferredProjectObjectVersion = 77;
			productRefGroup = 0D9ADFABB32A5F7F839F8489 /* Products */;
			projectDirPath = "";
			projectRoot = "";
			targets = (
				A361CF076420615A659FDDA4 /* TeamsAutoRecorder */,
			);
		};
/* End PBXProject section */

/* Begin PBXResourcesBuildPhase section */
		4D7A03B76D9838F23ECD8B4C /* Resources */ = {
			isa = PBXResourcesBuildPhase;
			buildActionMask = 2147483647;
			files = (
				F87F2D45085DE51C0CDA3997 /* Assets.xcassets in Resources */,
			);
			runOnlyForDeploymentPostprocessing = 0;
		};
/* End PBXResourcesBuildPhase section */

/* Begin PBXSourcesBuildPhase section */
		AB2E7E37513F477D03083BEC /* Sources */ = {
			isa = PBXSourcesBuildPhase;
			buildActionMask = 2147483647;
			files = (
				1E6B86AA48FA6BCB22B04908 /* AppState.swift in Sources */,
				0E0BC369150DF854F3AC12EF /* AppSupportDirectoryResolver.swift in Sources */,
				3A2762B2A0EF3A908CEAC9AD /* AudioChunker.swift in Sources */,
				849F5F56F1F6B36993F0C071 /* AudioMixer.swift in Sources */,
				233318A46E99CCF086632FE9 /* AudioSignalProviderFactory.swift in Sources */,
				FD143A6B8DBDB62D27EDF5A7 /* CaptureEngine.swift in Sources */,
				DE5CC3FFCFBE0137F8C41A63 /* CompositeWindowSignalProvider.swift in Sources */,
				8E01932D775BEFAA929FF882 /* DashboardViewModel.swift in Sources */,
				92F3D5B1E81962E28F5250E3 /* Database.swift in Sources */,
				40EDC1295F63C6BD1A99D580 /* DefaultWhisperInferencer.swift in Sources */,
				F7D0B0CB608C8B43D83265C4 /* DefaultWhisperModelDownloader.swift in Sources */,
				2FC63D5B945056AEA4C1001A /* FallbackAudioSignalProvider.swift in Sources */,
				80D5CCD1EEA255161EA6DF76 /* LaunchAtLoginManager.swift in Sources */,
				9C6DF54D2B2FA78ED9055500 /* MCPServerController.swift in Sources */,
				F5EBB01B5EFBB6EAF9F414CF /* MCPToolHandler.swift in Sources */,
				781429B4E55BE4A61DFCBA7C /* Main.swift in Sources */,
				6E4376385544B03ED6397DB0 /* MeetingDetector.swift in Sources */,
				0954B63ABE167108494A615B /* MenuBarController.swift in Sources */,
				4CC38E9EDE2174C3505915E7 /* Orchestrator.swift in Sources */,
				8931CD46AEFA85258DFB7657 /* PermissionCoordinator.swift in Sources */,
				2EFD4C81A411E5FC9EBB6EED /* SessionAudioArtifactStore.swift in Sources */,
				5024222E23FF0516CC0207C1 /* SessionRepository.swift in Sources */,
				1F59CC4EAFE2B87D84276A40 /* SlackHuddleWindowClassifier.swift in Sources */,
				12C5987EF5AE8713A427F600 /* SummaryStore.swift in Sources */,
				20BACEE68AA64E6EB59F6FE9 /* TeamsAccessibilityTextCollector.swift in Sources */,
				998F1DCB9466C040DF0205A7 /* TeamsAudioSignalProvider.swift in Sources */,
				A63BF37ED1429286B6FFF43B /* TeamsMeetingControlEvaluator.swift in Sources */,
				D621AEA98CBC019063184490 /* TeamsMeetingWindowClassifier.swift in Sources */,
				CEC6D9915F1604049E7E32E8 /* TeamsWindowOCRTextCollector.swift in Sources */,
				0718D3538FD3351B7FCE573A /* TeamsWindowSignalProvider.swift in Sources */,
				354EEA0847A3959C59D0D5EB /* TranscriptionFailureMessageFormatter.swift in Sources */,
				B5CFF591046FABDBACB90ADB /* TranscriptionQueue.swift in Sources */,
				93AC5D21521FB3805C869F9A /* TranscriptionWorker.swift in Sources */,
				F024C025090C661851254440 /* WhisperKitTranscriber.swift in Sources */,
				A8B33A843C0A72AA7FC59C71 /* WhisperModelManager.swift in Sources */,
				AD139C6284592E7A613AB886 /* WhisperModelManaging.swift in Sources */,
			);
			runOnlyForDeploymentPostprocessing = 0;
		};
/* End PBXSourcesBuildPhase section */

/* Begin XCBuildConfiguration section */
		3B0DB7C03FA39C07F61F6983 /* Debug */ = {
			isa = XCBuildConfiguration;
			buildSettings = {
				ASSETCATALOG_COMPILER_APPICON_NAME = AppIcon;
				COMBINE_HIDPI_IMAGES = YES;
				GENERATE_INFOPLIST_FILE = YES;
				INFOPLIST_KEY_CFBundleDisplayName = TeamsAutoRecorder;
				INFOPLIST_KEY_LSApplicationCategoryType = "public.app-category.productivity";
				INFOPLIST_KEY_NSMicrophoneUsageDescription = "会議の音声を録音するためにマイクへのアクセスが必要です。";
				LD_RUNPATH_SEARCH_PATHS = (
					"$(inherited)",
					"@executable_path/../Frameworks",
				);
				MACOSX_DEPLOYMENT_TARGET = 13.0;
				SDKROOT = macosx;
			};
			name = Debug;
		};
		4CAE64F855C612FB89D06F0D /* Release */ = {
			isa = XCBuildConfiguration;
			buildSettings = {
				ASSETCATALOG_COMPILER_APPICON_NAME = AppIcon;
				COMBINE_HIDPI_IMAGES = YES;
				GENERATE_INFOPLIST_FILE = YES;
				INFOPLIST_KEY_CFBundleDisplayName = TeamsAutoRecorder;
				INFOPLIST_KEY_LSApplicationCategoryType = "public.app-category.productivity";
				INFOPLIST_KEY_NSMicrophoneUsageDescription = "会議の音声を録音するためにマイクへのアクセスが必要です。";
				LD_RUNPATH_SEARCH_PATHS = (
					"$(inherited)",
					"@executable_path/../Frameworks",
				);
				MACOSX_DEPLOYMENT_TARGET = 13.0;
				SDKROOT = macosx;
			};
			name = Release;
		};
		5D0A4D87DC09C1DCB174BBFD /* Release */ = {
			isa = XCBuildConfiguration;
			buildSettings = {
				ALWAYS_SEARCH_USER_PATHS = NO;
				CLANG_ANALYZER_NONNULL = YES;
				CLANG_ANALYZER_NUMBER_OBJECT_CONVERSION = YES_AGGRESSIVE;
				CLANG_CXX_LANGUAGE_STANDARD = "gnu++14";
				CLANG_CXX_LIBRARY = "libc++";
				CLANG_ENABLE_MODULES = YES;
				CLANG_ENABLE_OBJC_ARC = YES;
				CLANG_ENABLE_OBJC_WEAK = YES;
				CLANG_WARN_BLOCK_CAPTURE_AUTORELEASING = YES;
				CLANG_WARN_BOOL_CONVERSION = YES;
				CLANG_WARN_COMMA = YES;
				CLANG_WARN_CONSTANT_CONVERSION = YES;
				CLANG_WARN_DEPRECATED_OBJC_IMPLEMENTATIONS = YES;
				CLANG_WARN_DIRECT_OBJC_ISA_USAGE = YES_ERROR;
				CLANG_WARN_DOCUMENTATION_COMMENTS = YES;
				CLANG_WARN_EMPTY_BODY = YES;
				CLANG_WARN_ENUM_CONVERSION = YES;
				CLANG_WARN_INFINITE_RECURSION = YES;
				CLANG_WARN_INT_CONVERSION = YES;
				CLANG_WARN_NON_LITERAL_NULL_CONVERSION = YES;
				CLANG_WARN_OBJC_IMPLICIT_RETAIN_SELF = YES;
				CLANG_WARN_OBJC_LITERAL_CONVERSION = YES;
				CLANG_WARN_OBJC_ROOT_CLASS = YES_ERROR;
				CLANG_WARN_QUOTED_INCLUDE_IN_FRAMEWORK_HEADER = YES;
				CLANG_WARN_RANGE_LOOP_ANALYSIS = YES;
				CLANG_WARN_STRICT_PROTOTYPES = YES;
				CLANG_WARN_SUSPICIOUS_MOVE = YES;
				CLANG_WARN_UNGUARDED_AVAILABILITY = YES_AGGRESSIVE;
				CLANG_WARN_UNREACHABLE_CODE = YES;
				CLANG_WARN__DUPLICATE_METHOD_MATCH = YES;
				COPY_PHASE_STRIP = NO;
				DEBUG_INFORMATION_FORMAT = "dwarf-with-dsym";
				ENABLE_NS_ASSERTIONS = NO;
				ENABLE_STRICT_OBJC_MSGSEND = YES;
				GCC_C_LANGUAGE_STANDARD = gnu11;
				GCC_NO_COMMON_BLOCKS = YES;
				GCC_WARN_64_TO_32_BIT_CONVERSION = YES;
				GCC_WARN_ABOUT_RETURN_TYPE = YES_ERROR;
				GCC_WARN_UNDECLARED_SELECTOR = YES;
				GCC_WARN_UNINITIALIZED_AUTOS = YES_AGGRESSIVE;
				GCC_WARN_UNUSED_FUNCTION = YES;
				GCC_WARN_UNUSED_VARIABLE = YES;
				MACOSX_DEPLOYMENT_TARGET = 13.0;
				MTL_ENABLE_DEBUG_INFO = NO;
				MTL_FAST_MATH = YES;
				PRODUCT_BUNDLE_IDENTIFIER = com.k1e1n04.TeamsAutoRecorder;
				PRODUCT_NAME = "$(TARGET_NAME)";
				SDKROOT = macosx;
				SWIFT_COMPILATION_MODE = wholemodule;
				SWIFT_OPTIMIZATION_LEVEL = "-O";
				SWIFT_VERSION = 6.0;
			};
			name = Release;
		};
		C60553ED33EAE55C047ADDE2 /* Debug */ = {
			isa = XCBuildConfiguration;
			buildSettings = {
				ALWAYS_SEARCH_USER_PATHS = NO;
				CLANG_ANALYZER_NONNULL = YES;
				CLANG_ANALYZER_NUMBER_OBJECT_CONVERSION = YES_AGGRESSIVE;
				CLANG_CXX_LANGUAGE_STANDARD = "gnu++14";
				CLANG_CXX_LIBRARY = "libc++";
				CLANG_ENABLE_MODULES = YES;
				CLANG_ENABLE_OBJC_ARC = YES;
				CLANG_ENABLE_OBJC_WEAK = YES;
				CLANG_WARN_BLOCK_CAPTURE_AUTORELEASING = YES;
				CLANG_WARN_BOOL_CONVERSION = YES;
				CLANG_WARN_COMMA = YES;
				CLANG_WARN_CONSTANT_CONVERSION = YES;
				CLANG_WARN_DEPRECATED_OBJC_IMPLEMENTATIONS = YES;
				CLANG_WARN_DIRECT_OBJC_ISA_USAGE = YES_ERROR;
				CLANG_WARN_DOCUMENTATION_COMMENTS = YES;
				CLANG_WARN_EMPTY_BODY = YES;
				CLANG_WARN_ENUM_CONVERSION = YES;
				CLANG_WARN_INFINITE_RECURSION = YES;
				CLANG_WARN_INT_CONVERSION = YES;
				CLANG_WARN_NON_LITERAL_NULL_CONVERSION = YES;
				CLANG_WARN_OBJC_IMPLICIT_RETAIN_SELF = YES;
				CLANG_WARN_OBJC_LITERAL_CONVERSION = YES;
				CLANG_WARN_OBJC_ROOT_CLASS = YES_ERROR;
				CLANG_WARN_QUOTED_INCLUDE_IN_FRAMEWORK_HEADER = YES;
				CLANG_WARN_RANGE_LOOP_ANALYSIS = YES;
				CLANG_WARN_STRICT_PROTOTYPES = YES;
				CLANG_WARN_SUSPICIOUS_MOVE = YES;
				CLANG_WARN_UNGUARDED_AVAILABILITY = YES_AGGRESSIVE;
				CLANG_WARN_UNREACHABLE_CODE = YES;
				CLANG_WARN__DUPLICATE_METHOD_MATCH = YES;
				COPY_PHASE_STRIP = NO;
				DEBUG_INFORMATION_FORMAT = dwarf;
				ENABLE_STRICT_OBJC_MSGSEND = YES;
				ENABLE_TESTABILITY = YES;
				GCC_C_LANGUAGE_STANDARD = gnu11;
				GCC_DYNAMIC_NO_PIC = NO;
				GCC_NO_COMMON_BLOCKS = YES;
				GCC_OPTIMIZATION_LEVEL = 0;
				GCC_PREPROCESSOR_DEFINITIONS = (
					"$(inherited)",
					"DEBUG=1",
				);
				GCC_WARN_64_TO_32_BIT_CONVERSION = YES;
				GCC_WARN_ABOUT_RETURN_TYPE = YES_ERROR;
				GCC_WARN_UNDECLARED_SELECTOR = YES;
				GCC_WARN_UNINITIALIZED_AUTOS = YES_AGGRESSIVE;
				GCC_WARN_UNUSED_FUNCTION = YES;
				GCC_WARN_UNUSED_VARIABLE = YES;
				MACOSX_DEPLOYMENT_TARGET = 13.0;
				MTL_ENABLE_DEBUG_INFO = INCLUDE_SOURCE;
				MTL_FAST_MATH = YES;
				ONLY_ACTIVE_ARCH = YES;
				PRODUCT_BUNDLE_IDENTIFIER = com.k1e1n04.TeamsAutoRecorder;
				PRODUCT_NAME = "$(TARGET_NAME)";
				SDKROOT = macosx;
				SWIFT_ACTIVE_COMPILATION_CONDITIONS = DEBUG;
				SWIFT_OPTIMIZATION_LEVEL = "-Onone";
				SWIFT_VERSION = 6.0;
			};
			name = Debug;
		};
/* End XCBuildConfiguration section */

/* Begin XCConfigurationList section */
		73B3FFBBB1A8DF9D00B36E59 /* Build configuration list for PBXNativeTarget "TeamsAutoRecorder" */ = {
			isa = XCConfigurationList;
			buildConfigurations = (
				3B0DB7C03FA39C07F61F6983 /* Debug */,
				4CAE64F855C612FB89D06F0D /* Release */,
			);
			defaultConfigurationIsVisible = 0;
			defaultConfigurationName = Debug;
		};
		B2288082E389567FDF8E8255 /* Build configuration list for PBXProject "TeamsAutoRecorder" */ = {
			isa = XCConfigurationList;
			buildConfigurations = (
				C60553ED33EAE55C047ADDE2 /* Debug */,
				5D0A4D87DC09C1DCB174BBFD /* Release */,
			);
			defaultConfigurationIsVisible = 0;
			defaultConfigurationName = Debug;
		};
/* End XCConfigurationList section */

/* Begin XCRemoteSwiftPackageReference section */
		28712E9B539358EA2862EF70 /* XCRemoteSwiftPackageReference "ZIPFoundation" */ = {
			isa = XCRemoteSwiftPackageReference;
			repositoryURL = "https://github.com/weichsel/ZIPFoundation.git";
			requirement = {
				kind = upToNextMajorVersion;
				minimumVersion = 0.9.0;
			};
		};
		B5A378BF80336677651F9FB2 /* XCRemoteSwiftPackageReference "swift-nio" */ = {
			isa = XCRemoteSwiftPackageReference;
			repositoryURL = "https://github.com/apple/swift-nio.git";
			requirement = {
				kind = upToNextMajorVersion;
				minimumVersion = 2.0.0;
			};
		};
		CFBDF1D8371D246168BD9BB5 /* XCRemoteSwiftPackageReference "swift-log" */ = {
			isa = XCRemoteSwiftPackageReference;
			repositoryURL = "https://github.com/apple/swift-log.git";
			requirement = {
				kind = upToNextMajorVersion;
				minimumVersion = 1.0.0;
			};
		};
		D2B405ED3859BFFD1CF5DC54 /* XCRemoteSwiftPackageReference "swift-sdk" */ = {
			isa = XCRemoteSwiftPackageReference;
			repositoryURL = "https://github.com/modelcontextprotocol/swift-sdk.git";
			requirement = {
				kind = upToNextMajorVersion;
				minimumVersion = 0.7.0;
			};
		};
		F8EF3182EC3278BD7328A530 /* XCRemoteSwiftPackageReference "WhisperKit" */ = {
			isa = XCRemoteSwiftPackageReference;
			repositoryURL = "https://github.com/argmaxinc/WhisperKit.git";
			requirement = {
				kind = upToNextMajorVersion;
				minimumVersion = 0.12.0;
			};
		};
/* End XCRemoteSwiftPackageReference section */

/* Begin XCSwiftPackageProductDependency section */
		12A84D93056927DD45044D7C /* MCP */ = {
			isa = XCSwiftPackageProductDependency;
			package = D2B405ED3859BFFD1CF5DC54 /* XCRemoteSwiftPackageReference "swift-sdk" */;
			productName = MCP;
		};
		2FCBA5C3BB41CBA25CB49719 /* Logging */ = {
			isa = XCSwiftPackageProductDependency;
			package = CFBDF1D8371D246168BD9BB5 /* XCRemoteSwiftPackageReference "swift-log" */;
			productName = Logging;
		};
		6CCEBA2327530615D69ADD92 /* ZIPFoundation */ = {
			isa = XCSwiftPackageProductDependency;
			package = 28712E9B539358EA2862EF70 /* XCRemoteSwiftPackageReference "ZIPFoundation" */;
			productName = ZIPFoundation;
		};
		8F9696D4BF89783D3254847D /* NIOHTTP1 */ = {
			isa = XCSwiftPackageProductDependency;
			package = B5A378BF80336677651F9FB2 /* XCRemoteSwiftPackageReference "swift-nio" */;
			productName = NIOHTTP1;
		};
		9921F6FE321B5F0A2C5DF33B /* WhisperKit */ = {
			isa = XCSwiftPackageProductDependency;
			package = F8EF3182EC3278BD7328A530 /* XCRemoteSwiftPackageReference "WhisperKit" */;
			productName = WhisperKit;
		};
		9CD400A044B8D634CA400615 /* NIOPosix */ = {
			isa = XCSwiftPackageProductDependency;
			package = B5A378BF80336677651F9FB2 /* XCRemoteSwiftPackageReference "swift-nio" */;
			productName = NIOPosix;
		};
		FD4F49DFECF65EA01BB03F63 /* NIOCore */ = {
			isa = XCSwiftPackageProductDependency;
			package = B5A378BF80336677651F9FB2 /* XCRemoteSwiftPackageReference "swift-nio" */;
			productName = NIOCore;
		};
/* End XCSwiftPackageProductDependency section */
	};
	rootObject = B23B715E808DC753DEDBD6AA /* Project object */;
}
